// !$*UTF8*$!
{
	archiveVersion = 1;
	classes = {
	};
	objectVersion = 46;
	objects = {

/* Begin PBXBuildFile section */
		408EC86D1FA9526C00DE6DC0 /* AppDelegate.swift in Sources */ = {isa = PBXBuildFile; fileRef = 408EC86C1FA9526C00DE6DC0 /* AppDelegate.swift */; };
		408EC86F1FA9526C00DE6DC0 /* ViewController.swift in Sources */ = {isa = PBXBuildFile; fileRef = 408EC86E1FA9526C00DE6DC0 /* ViewController.swift */; };
		408EC8721FA9526C00DE6DC0 /* Main.storyboard in Resources */ = {isa = PBXBuildFile; fileRef = 408EC8701FA9526C00DE6DC0 /* Main.storyboard */; };
		408EC8751FA9526C00DE6DC0 /* DoYourChores.xcdatamodeld in Sources */ = {isa = PBXBuildFile; fileRef = 408EC8731FA9526C00DE6DC0 /* DoYourChores.xcdatamodeld */; };
		408EC8771FA9526C00DE6DC0 /* Assets.xcassets in Resources */ = {isa = PBXBuildFile; fileRef = 408EC8761FA9526C00DE6DC0 /* Assets.xcassets */; };
		408EC87A1FA9526C00DE6DC0 /* LaunchScreen.storyboard in Resources */ = {isa = PBXBuildFile; fileRef = 408EC8781FA9526C00DE6DC0 /* LaunchScreen.storyboard */; };
/* End PBXBuildFile section */

/* Begin PBXFileReference section */
		408EC8691FA9526C00DE6DC0 /* DoYourChores.app */ = {isa = PBXFileReference; explicitFileType = wrapper.application; includeInIndex = 0; path = DoYourChores.app; sourceTree = BUILT_PRODUCTS_DIR; };
		408EC86C1FA9526C00DE6DC0 /* AppDelegate.swift */ = {isa = PBXFileReference; lastKnownFileType = sourcecode.swift; path = AppDelegate.swift; sourceTree = "<group>"; };
		408EC86E1FA9526C00DE6DC0 /* ViewController.swift */ = {isa = PBXFileReference; lastKnownFileType = sourcecode.swift; path = ViewController.swift; sourceTree = "<group>"; };
		408EC8711FA9526C00DE6DC0 /* Base */ = {isa = PBXFileReference; lastKnownFileType = file.storyboard; name = Base; path = Base.lproj/Main.storyboard; sourceTree = "<group>"; };
		408EC8741FA9526C00DE6DC0 /* DoYourChores.xcdatamodel */ = {isa = PBXFileReference; lastKnownFileType = wrapper.xcdatamodel; path = DoYourChores.xcdatamodel; sourceTree = "<group>"; };
		408EC8761FA9526C00DE6DC0 /* Assets.xcassets */ = {isa = PBXFileReference; lastKnownFileType = folder.assetcatalog; path = Assets.xcassets; sourceTree = "<group>"; };
		408EC8791FA9526C00DE6DC0 /* Base */ = {isa = PBXFileReference; lastKnownFileType = file.storyboard; name = Base; path = Base.lproj/LaunchScreen.storyboard; sourceTree = "<group>"; };
		408EC87B1FA9526C00DE6DC0 /* Info.plist */ = {isa = PBXFileReference; lastKnownFileType = text.plist.xml; path = Info.plist; sourceTree = "<group>"; };
/* End PBXFileReference section */

/* Begin PBXFrameworksBuildPhase section */
		408EC8661FA9526C00DE6DC0 /* Frameworks */ = {
			isa = PBXFrameworksBuildPhase;
			buildActionMask = 2147483647;
			files = (
			);
			runOnlyForDeploymentPostprocessing = 0;
		};
/* End PBXFrameworksBuildPhase section */

/* Begin PBXGroup section */
		408EC8601FA9526C00DE6DC0 = {
			isa = PBXGroup;
			children = (
				408EC86B1FA9526C00DE6DC0 /* DoYourChores */,
				408EC86A1FA9526C00DE6DC0 /* Products */,
			);
			sourceTree = "<group>";
		};
		408EC86A1FA9526C00DE6DC0 /* Products */ = {
			isa = PBXGroup;
			children = (
				408EC8691FA9526C00DE6DC0 /* DoYourChores.app */,
			);
			name = Products;
			sourceTree = "<group>";
		};
		408EC86B1FA9526C00DE6DC0 /* DoYourChores */ = {
			isa = PBXGroup;
			children = (
				408EC86C1FA9526C00DE6DC0 /* AppDelegate.swift */,
				408EC86E1FA9526C00DE6DC0 /* ViewController.swift */,
				408EC8701FA9526C00DE6DC0 /* Main.storyboard */,
				408EC8761FA9526C00DE6DC0 /* Assets.xcassets */,
				408EC8781FA9526C00DE6DC0 /* LaunchScreen.storyboard */,
				408EC87B1FA9526C00DE6DC0 /* Info.plist */,
				408EC8731FA9526C00DE6DC0 /* DoYourChores.xcdatamodeld */,
			);
			path = DoYourChores;
			sourceTree = "<group>";
		};
/* End PBXGroup section */

/* Begin PBXNativeTarget section */
		408EC8681FA9526C00DE6DC0 /* DoYourChores */ = {
			isa = PBXNativeTarget;
			buildConfigurationList = 408EC87E1FA9526C00DE6DC0 /* Build configuration list for PBXNativeTarget "DoYourChores" */;
			buildPhases = (
				408EC8651FA9526C00DE6DC0 /* Sources */,
				408EC8661FA9526C00DE6DC0 /* Frameworks */,
				408EC8671FA9526C00DE6DC0 /* Resources */,
			);
			buildRules = (
			);
			dependencies = (
			);
			name = DoYourChores;
			productName = DoYourChores;
			productReference = 408EC8691FA9526C00DE6DC0 /* DoYourChores.app */;
			productType = "com.apple.product-type.application";
		};
/* End PBXNativeTarget section */

/* Begin PBXProject section */
		408EC8611FA9526C00DE6DC0 /* Project object */ = {
			isa = PBXProject;
			attributes = {
				LastSwiftUpdateCheck = 0830;
				LastUpgradeCheck = 0830;
				ORGANIZATIONNAME = "Blake O'Connell";
				TargetAttributes = {
					408EC8681FA9526C00DE6DC0 = {
						CreatedOnToolsVersion = 8.3.3;
						DevelopmentTeam = 6P265CJXFC;
						ProvisioningStyle = Automatic;
					};
				};
			};
			buildConfigurationList = 408EC8641FA9526C00DE6DC0 /* Build configuration list for PBXProject "DoYourChores" */;
			compatibilityVersion = "Xcode 3.2";
			developmentRegion = English;
			hasScannedForEncodings = 0;
			knownRegions = (
				en,
				Base,
			);
			mainGroup = 408EC8601FA9526C00DE6DC0;
			productRefGroup = 408EC86A1FA9526C00DE6DC0 /* Products */;
			projectDirPath = "";
			projectRoot = "";
			targets = (
				408EC8681FA9526C00DE6DC0 /* DoYourChores */,
			);
		};
/* End PBXProject section */

/* Begin PBXResourcesBuildPhase section */
		408EC8671FA9526C00DE6DC0 /* Resources */ = {
			isa = PBXResourcesBuildPhase;
			buildActionMask = 2147483647;
			files = (
				408EC87A1FA9526C00DE6DC0 /* LaunchScreen.storyboard in Resources */,
				408EC8771FA9526C00DE6DC0 /* Assets.xcassets in Resources */,
				408EC8721FA9526C00DE6DC0 /* Main.storyboard in Resources */,
			);
			runOnlyForDeploymentPostprocessing = 0;
		};
/* End PBXResourcesBuildPhase section */

/* Begin PBXSourcesBuildPhase section */
		408EC8651FA9526C00DE6DC0 /* Sources */ = {
			isa = PBXSourcesBuildPhase;
			buildActionMask = 2147483647;
			files = (
				408EC8751FA9526C00DE6DC0 /* DoYourChores.xcdatamodeld in Sources */,
				408EC86F1FA9526C00DE6DC0 /* ViewController.swift in Sources */,
				408EC86D1FA9526C00DE6DC0 /* AppDelegate.swift in Sources */,
			);
			runOnlyForDeploymentPostprocessing = 0;
		};
/* End PBXSourcesBuildPhase section */

/* Begin PBXVariantGroup section */
		408EC8701FA9526C00DE6DC0 /* Main.storyboard */ = {
			isa = PBXVariantGroup;
			children = (
				408EC8711FA9526C00DE6DC0 /* Base */,
			);
			name = Main.storyboard;
			sourceTree = "<group>";
		};
		408EC8781FA9526C00DE6DC0 /* LaunchScreen.storyboard */ = {
			isa = PBXVariantGroup;
			children = (
				408EC8791FA9526C00DE6DC0 /* Base */,
			);
			name = LaunchScreen.storyboard;
			sourceTree = "<group>";
		};
/* End PBXVariantGroup section */

/* Begin XCBuildConfiguration section */
		408EC87C1FA9526C00DE6DC0 /* Debug */ = {
			isa = XCBuildConfiguration;
			buildSettings = {
				ALWAYS_SEARCH_USER_PATHS = NO;
				CLANG_ANALYZER_NONNULL = YES;
				CLANG_ANALYZER_NUMBER_OBJECT_CONVERSION = YES_AGGRESSIVE;
				CLANG_CXX_LANGUAGE_STANDARD = "gnu++0x";
				CLANG_CXX_LIBRARY = "libc++";
				CLANG_ENABLE_MODULES = YES;
				CLANG_ENABLE_OBJC_ARC = YES;
				CLANG_WARN_BOOL_CONVERSION = YES;
				CLANG_WARN_CONSTANT_CONVERSION = YES;
				CLANG_WARN_DIRECT_OBJC_ISA_USAGE = YES_ERROR;
				CLANG_WARN_DOCUMENTATION_COMMENTS = YES;
				CLANG_WARN_EMPTY_BODY = YES;
				CLANG_WARN_ENUM_CONVERSION = YES;
				CLANG_WARN_INFINITE_RECURSION = YES;
				CLANG_WARN_INT_CONVERSION = YES;
				CLANG_WARN_OBJC_ROOT_CLASS = YES_ERROR;
				CLANG_WARN_SUSPICIOUS_MOVE = YES;
				CLANG_WARN_UNREACHABLE_CODE = YES;
				CLANG_WARN__DUPLICATE_METHOD_MATCH = YES;
				"CODE_SIGN_IDENTITY[sdk=iphoneos*]" = "iPhone Developer";
				COPY_PHASE_STRIP = NO;
				DEBUG_INFORMATION_FORMAT = dwarf;
				ENABLE_STRICT_OBJC_MSGSEND = YES;
				ENABLE_TESTABILITY = YES;
				GCC_C_LANGUAGE_STANDARD = gnu99;
				GCC_DYNAMIC_NO_PIC = NO;
				GCC_NO_COMMON_BLOCKS = YES;
				GCC_OPTIMIZATION_LEVEL = 0;
				GCC_PREPROCESSOR_DEFINITIONS = (
					"DEBUG=1",
					"$(inherited)",
				);
				GCC_WARN_64_TO_32_BIT_CONVERSION = YES;
				GCC_WARN_ABOUT_RETURN_TYPE = YES_ERROR;
				GCC_WARN_UNDECLARED_SELECTOR = YES;
				GCC_WARN_UNINITIALIZED_AUTOS = YES_AGGRESSIVE;
				GCC_WARN_UNUSED_FUNCTION = YES;
				GCC_WARN_UNUSED_VARIABLE = YES;
				IPHONEOS_DEPLOYMENT_TARGET = 10.3;
				MTL_ENABLE_DEBUG_INFO = YES;
				ONLY_ACTIVE_ARCH = YES;
				SDKROOT = iphoneos;
				SWIFT_ACTIVE_COMPILATION_CONDITIONS = DEBUG;
				SWIFT_OPTIMIZATION_LEVEL = "-Onone";
				TARGETED_DEVICE_FAMILY = "1,2";
			};
			name = Debug;
		};
		408EC87D1FA9526C00DE6DC0 /* Release */ = {
			isa = XCBuildConfiguration;
			buildSettings = {
				ALWAYS_SEARCH_USER_PATHS = NO;
				CLANG_ANALYZER_NONNULL = YES;
				CLANG_ANALYZER_NUMBER_OBJECT_CONVERSION = YES_AGGRESSIVE;
				CLANG_CXX_LANGUAGE_STANDARD = "gnu++0x";
				CLANG_CXX_LIBRARY = "libc++";
				CLANG_ENABLE_MODULES = YES;
				CLANG_ENABLE_OBJC_ARC = YES;
				CLANG_WARN_BOOL_CONVERSION = YES;
				CLANG_WARN_CONSTANT_CONVERSION = YES;
				CLANG_WARN_DIRECT_OBJC_ISA_USAGE = YES_ERROR;
				CLANG_WARN_DOCUMENTATION_COMMENTS = YES;
				CLANG_WARN_EMPTY_BODY = YES;
				CLANG_WARN_ENUM_CONVERSION = YES;
				CLANG_WARN_INFINITE_RECURSION = YES;
				CLANG_WARN_INT_CONVERSION = YES;
				CLANG_WARN_OBJC_ROOT_CLASS = YES_ERROR;
				CLANG_WARN_SUSPICIOUS_MOVE = YES;
				CLANG_WARN_UNREACHABLE_CODE = YES;
				CLANG_WARN__DUPLICATE_METHOD_MATCH = YES;
				"CODE_SIGN_IDENTITY[sdk=iphoneos*]" = "iPhone Developer";
				COPY_PHASE_STRIP = NO;
				DEBUG_INFORMATION_FORMAT = "dwarf-with-dsym";
				ENABLE_NS_ASSERTIONS = NO;
				ENABLE_STRICT_OBJC_MSGSEND = YES;
				GCC_C_LANGUAGE_STANDARD = gnu99;
				GCC_NO_COMMON_BLOCKS = YES;
				GCC_WARN_64_TO_32_BIT_CONVERSION = YES;
				GCC_WARN_ABOUT_RETURN_TYPE = YES_ERROR;
				GCC_WARN_UNDECLARED_SELECTOR = YES;
				GCC_WARN_UNINITIALIZED_AUTOS = YES_AGGRESSIVE;
				GCC_WARN_UNUSED_FUNCTION = YES;
				GCC_WARN_UNUSED_VARIABLE = YES;
				IPHONEOS_DEPLOYMENT_TARGET = 10.3;
				MTL_ENABLE_DEBUG_INFO = NO;
				SDKROOT = iphoneos;
				SWIFT_OPTIMIZATION_LEVEL = "-Owholemodule";
				TARGETED_DEVICE_FAMILY = "1,2";
				VALIDATE_PRODUCT = YES;
			};
			name = Release;
		};
		408EC87F1FA9526C00DE6DC0 /* Debug */ = {
			isa = XCBuildConfiguration;
			buildSettings = {
				ASSETCATALOG_COMPILER_APPICON_NAME = AppIcon;
				DEVELOPMENT_TEAM = 6P265CJXFC;
				INFOPLIST_FILE = DoYourChores/Info.plist;
				LD_RUNPATH_SEARCH_PATHS = "$(inherited) @executable_path/Frameworks";
				PRODUCT_BUNDLE_IDENTIFIER = bmoconne.DoYourChores;
				PRODUCT_NAME = "$(TARGET_NAME)";
				SWIFT_VERSION = 3.0;
			};
			name = Debug;
		};
		408EC8801FA9526C00DE6DC0 /* Release */ = {
			isa = XCBuildConfiguration;
			buildSettings = {
				ASSETCATALOG_COMPILER_APPICON_NAME = AppIcon;
				DEVELOPMENT_TEAM = 6P265CJXFC;
				INFOPLIST_FILE = DoYourChores/Info.plist;
				LD_RUNPATH_SEARCH_PATHS = "$(inherited) @executable_path/Frameworks";
				PRODUCT_BUNDLE_IDENTIFIER = bmoconne.DoYourChores;
				PRODUCT_NAME = "$(TARGET_NAME)";
				SWIFT_VERSION = 3.0;
			};
			name = Release;
		};
/* End XCBuildConfiguration section */

/* Begin XCConfigurationList section */
		408EC8641FA9526C00DE6DC0 /* Build configuration list for PBXProject "DoYourChores" */ = {
			isa = XCConfigurationList;
			buildConfigurations = (
				408EC87C1FA9526C00DE6DC0 /* Debug */,
				408EC87D1FA9526C00DE6DC0 /* Release */,
			);
			defaultConfigurationIsVisible = 0;
			defaultConfigurationName = Release;
		};
		408EC87E1FA9526C00DE6DC0 /* Build configuration list for PBXNativeTarget "DoYourChores" */ = {
			isa = XCConfigurationList;
			buildConfigurations = (
				408EC87F1FA9526C00DE6DC0 /* Debug */,
				408EC8801FA9526C00DE6DC0 /* Release */,
			);
			defaultConfigurationIsVisible = 0;
		};
/* End XCConfigurationList section */

/* Begin XCVersionGroup section */
		408EC8731FA9526C00DE6DC0 /* DoYourChores.xcdatamodeld */ = {
			isa = XCVersionGroup;
			children = (
				408EC8741FA9526C00DE6DC0 /* DoYourChores.xcdatamodel */,
			);
			currentVersion = 408EC8741FA9526C00DE6DC0 /* DoYourChores.xcdatamodel */;
			path = DoYourChores.xcdatamodeld;
			sourceTree = "<group>";
			versionGroupType = wrapper.xcdatamodel;
		};
/* End XCVersionGroup section */
	};
	rootObject = 408EC8611FA9526C00DE6DC0 /* Project object */;
}
